
Microsoft Visual Studio Solution File, Format Version 12.00
# Visual Studio Version 17
VisualStudioVersion = 17.5.002.0
MinimumVisualStudioVersion = 10.0.40219.1
Project("{9A19103F-16F7-4668-BE54-9A1E7A4F7556}") = "chess", "chess.csproj", "{0C73281E-4469-4905-A593-6A8B7C37985F}"
EndProject
Global
	GlobalSection(SolutionConfigurationPlatforms) = preSolution
		Debug|Any CPU = Debug|Any CPU
		Release|Any CPU = Release|Any CPU
	EndGlobalSection
	GlobalSection(ProjectConfigurationPlatforms) = postSolution
		{0C73281E-4469-4905-A593-6A8B7C37985F}.Debug|Any CPU.ActiveCfg = Debug|Any CPU
		{0C73281E-4469-4905-A593-6A8B7C37985F}.Debug|Any CPU.Build.0 = Debug|Any CPU
		{0C73281E-4469-4905-A593-6A8B7C37985F}.Release|Any CPU.ActiveCfg = Release|Any CPU
		{0C73281E-4469-4905-A593-6A8B7C37985F}.Release|Any CPU.Build.0 = Release|Any CPU
	EndGlobalSection
	GlobalSection(SolutionProperties) = preSolution
		HideSolutionNode = FALSE
	EndGlobalSection
	GlobalSection(ExtensibilityGlobals) = postSolution
		SolutionGuid = {6B88BCCB-0790-4A3A-9BCD-187D51621549}
	EndGlobalSection
EndGlobal
